// !$*UTF8*$!
{
	archiveVersion = 1;
	classes = {
	};
	objectVersion = 50;
	objects = {

/* Begin PBXBuildFile section */
		F89611772427C2210017BB2B /* AppDelegate.swift in Sources */ = {isa = PBXBuildFile; fileRef = F89611762427C2210017BB2B /* AppDelegate.swift */; };
		F89611792427C2210017BB2B /* SceneDelegate.swift in Sources */ = {isa = PBXBuildFile; fileRef = F89611782427C2210017BB2B /* SceneDelegate.swift */; };
		F896117B2427C2210017BB2B /* ViewController.swift in Sources */ = {isa = PBXBuildFile; fileRef = F896117A2427C2210017BB2B /* ViewController.swift */; };
		F89611802427C2240017BB2B /* Assets.xcassets in Resources */ = {isa = PBXBuildFile; fileRef = F896117F2427C2240017BB2B /* Assets.xcassets */; };
		F89611832427C2240017BB2B /* LaunchScreen.storyboard in Resources */ = {isa = PBXBuildFile; fileRef = F89611812427C2240017BB2B /* LaunchScreen.storyboard */; };
		F896118B2427C2460017BB2B /* Main.storyboard in Resources */ = {isa = PBXBuildFile; fileRef = F896118A2427C2450017BB2B /* Main.storyboard */; };
		F896118F2427C2BC0017BB2B /* Apple.mp4 in Resources */ = {isa = PBXBuildFile; fileRef = F896118C2427C2580017BB2B /* Apple.mp4 */; };
/* End PBXBuildFile section */

/* Begin PBXFileReference section */
		F89611732427C2210017BB2B /* PictureInPicture.app */ = {isa = PBXFileReference; explicitFileType = wrapper.application; includeInIndex = 0; path = PictureInPicture.app; sourceTree = BUILT_PRODUCTS_DIR; };
		F89611762427C2210017BB2B /* AppDelegate.swift */ = {isa = PBXFileReference; lastKnownFileType = sourcecode.swift; path = AppDelegate.swift; sourceTree = "<group>"; };
		F89611782427C2210017BB2B /* SceneDelegate.swift */ = {isa = PBXFileReference; lastKnownFileType = sourcecode.swift; path = SceneDelegate.swift; sourceTree = "<group>"; };
		F896117A2427C2210017BB2B /* ViewController.swift */ = {isa = PBXFileReference; lastKnownFileType = sourcecode.swift; path = ViewController.swift; sourceTree = "<group>"; };
		F896117F2427C2240017BB2B /* Assets.xcassets */ = {isa = PBXFileReference; lastKnownFileType = folder.assetcatalog; path = Assets.xcassets; sourceTree = "<group>"; };
		F89611822427C2240017BB2B /* Base */ = {isa = PBXFileReference; lastKnownFileType = file.storyboard; name = Base; path = Base.lproj/LaunchScreen.storyboard; sourceTree = "<group>"; };
		F89611842427C2240017BB2B /* Info.plist */ = {isa = PBXFileReference; lastKnownFileType = text.plist.xml; path = Info.plist; sourceTree = "<group>"; };
		F896118A2427C2450017BB2B /* Main.storyboard */ = {isa = PBXFileReference; fileEncoding = 4; lastKnownFileType = file.storyboard; path = Main.storyboard; sourceTree = "<group>"; };
		F896118C2427C2580017BB2B /* Apple.mp4 */ = {isa = PBXFileReference; lastKnownFileType = file; path = Apple.mp4; sourceTree = "<group>"; };
		F896118E2427C2B40017BB2B /* PictureInPicture.entitlements */ = {isa = PBXFileReference; lastKnownFileType = text.plist.entitlements; path = PictureInPicture.entitlements; sourceTree = "<group>"; };
/* End PBXFileReference section */

/* Begin PBXFrameworksBuildPhase section */
		F89611702427C2210017BB2B /* Frameworks */ = {
			isa = PBXFrameworksBuildPhase;
			buildActionMask = 2147483647;
			files = (
			);
			runOnlyForDeploymentPostprocessing = 0;
		};
/* End PBXFrameworksBuildPhase section */

/* Begin PBXGroup section */
		F896116A2427C2210017BB2B = {
			isa = PBXGroup;
			children = (
				F89611752427C2210017BB2B /* PictureInPicture */,
				F89611742427C2210017BB2B /* Products */,
			);
			sourceTree = "<group>";
		};
		F89611742427C2210017BB2B /* Products */ = {
			isa = PBXGroup;
			children = (
				F89611732427C2210017BB2B /* PictureInPicture.app */,
			);
			name = Products;
			sourceTree = "<group>";
		};
		F89611752427C2210017BB2B /* PictureInPicture */ = {
			isa = PBXGroup;
			children = (
				F896118E2427C2B40017BB2B /* PictureInPicture.entitlements */,
				F896118D2427C2980017BB2B /* Resources */,
				F89611762427C2210017BB2B /* AppDelegate.swift */,
				F89611782427C2210017BB2B /* SceneDelegate.swift */,
				F896117A2427C2210017BB2B /* ViewController.swift */,
				F896118A2427C2450017BB2B /* Main.storyboard */,
				F896117F2427C2240017BB2B /* Assets.xcassets */,
				F89611812427C2240017BB2B /* LaunchScreen.storyboard */,
				F89611842427C2240017BB2B /* Info.plist */,
			);
			path = PictureInPicture;
			sourceTree = "<group>";
		};
		F896118D2427C2980017BB2B /* Resources */ = {
			isa = PBXGroup;
			children = (
				F896118C2427C2580017BB2B /* Apple.mp4 */,
			);
			path = Resources;
			sourceTree = "<group>";
		};
/* End PBXGroup section */

/* Begin PBXNativeTarget section */
		F89611722427C2210017BB2B /* PictureInPicture */ = {
			isa = PBXNativeTarget;
			buildConfigurationList = F89611872427C2240017BB2B /* Build configuration list for PBXNativeTarget "PictureInPicture" */;
			buildPhases = (
				F896116F2427C2210017BB2B /* Sources */,
				F89611702427C2210017BB2B /* Frameworks */,
				F89611712427C2210017BB2B /* Resources */,
			);
			buildRules = (
			);
			dependencies = (
			);
			name = PictureInPicture;
			productName = PictureInPicture;
			productReference = F89611732427C2210017BB2B /* PictureInPicture.app */;
			productType = "com.apple.product-type.application";
		};
/* End PBXNativeTarget section */

/* Begin PBXProject section */
		F896116B2427C2210017BB2B /* Project object */ = {
			isa = PBXProject;
			attributes = {
				LastSwiftUpdateCheck = 1130;
				LastUpgradeCheck = 1130;
				ORGANIZATIONNAME = Harshal;
				TargetAttributes = {
					F89611722427C2210017BB2B = {
						CreatedOnToolsVersion = 11.3.1;
					};
				};
			};
			buildConfigurationList = F896116E2427C2210017BB2B /* Build configuration list for PBXProject "PictureInPicture" */;
			compatibilityVersion = "Xcode 9.3";
			developmentRegion = en;
			hasScannedForEncodings = 0;
			knownRegions = (
				en,
				Base,
			);
			mainGroup = F896116A2427C2210017BB2B;
			productRefGroup = F89611742427C2210017BB2B /* Products */;
			projectDirPath = "";
			projectRoot = "";
			targets = (
				F89611722427C2210017BB2B /* PictureInPicture */,
			);
		};
/* End PBXProject section */

/* Begin PBXResourcesBuildPhase section */
		F89611712427C2210017BB2B /* Resources */ = {
			isa = PBXResourcesBuildPhase;
			buildActionMask = 2147483647;
			files = (
				F896118B2427C2460017BB2B /* Main.storyboard in Resources */,
				F89611832427C2240017BB2B /* LaunchScreen.storyboard in Resources */,
				F896118F2427C2BC0017BB2B /* Apple.mp4 in Resources */,
				F89611802427C2240017BB2B /* Assets.xcassets in Resources */,
			);
			runOnlyForDeploymentPostprocessing = 0;
		};
/* End PBXResourcesBuildPhase section */

/* Begin PBXSourcesBuildPhase section */
		F896116F2427C2210017BB2B /* Sources */ = {
			isa = PBXSourcesBuildPhase;
			buildActionMask = 2147483647;
			files = (
				F896117B2427C2210017BB2B /* ViewController.swift in Sources */,
				F89611772427C2210017BB2B /* AppDelegate.swift in Sources */,
				F89611792427C2210017BB2B /* SceneDelegate.swift in Sources */,
			);
			runOnlyForDeploymentPostprocessing = 0;
		};
/* End PBXSourcesBuildPhase section */

/* Begin PBXVariantGroup section */
		F89611812427C2240017BB2B /* LaunchScreen.storyboard */ = {
			isa = PBXVariantGroup;
			children = (
				F89611822427C2240017BB2B /* Base */,
			);
			name = LaunchScreen.storyboard;
			sourceTree = "<group>";
		};
/* End PBXVariantGroup section */

/* Begin XCBuildConfiguration section */
		F89611852427C2240017BB2B /* Debug */ = {
			isa = XCBuildConfiguration;
			buildSettings = {
				ALWAYS_SEARCH_USER_PATHS = NO;
				CLANG_ANALYZER_NONNULL = YES;
				CLANG_ANALYZER_NUMBER_OBJECT_CONVERSION = YES_AGGRESSIVE;
				CLANG_CXX_LANGUAGE_STANDARD = "gnu++14";
				CLANG_CXX_LIBRARY = "libc++";
				CLANG_ENABLE_MODULES = YES;
				CLANG_ENABLE_OBJC_ARC = YES;
				CLANG_ENABLE_OBJC_WEAK = YES;
				CLANG_WARN_BLOCK_CAPTURE_AUTORELEASING = YES;
				CLANG_WARN_BOOL_CONVERSION = YES;
				CLANG_WARN_COMMA = YES;
				CLANG_WARN_CONSTANT_CONVERSION = YES;
				CLANG_WARN_DEPRECATED_OBJC_IMPLEMENTATIONS = YES;
				CLANG_WARN_DIRECT_OBJC_ISA_USAGE = YES_ERROR;
				CLANG_WARN_DOCUMENTATION_COMMENTS = YES;
				CLANG_WARN_EMPTY_BODY = YES;
				CLANG_WARN_ENUM_CONVERSION = YES;
				CLANG_WARN_INFINITE_RECURSION = YES;
				CLANG_WARN_INT_CONVERSION = YES;
				CLANG_WARN_NON_LITERAL_NULL_CONVERSION = YES;
				CLANG_WARN_OBJC_IMPLICIT_RETAIN_SELF = YES;
				CLANG_WARN_OBJC_LITERAL_CONVERSION = YES;
				CLANG_WARN_OBJC_ROOT_CLASS = YES_ERROR;
				CLANG_WARN_RANGE_LOOP_ANALYSIS = YES;
				CLANG_WARN_STRICT_PROTOTYPES = YES;
				CLANG_WARN_SUSPICIOUS_MOVE = YES;
				CLANG_WARN_UNGUARDED_AVAILABILITY = YES_AGGRESSIVE;
				CLANG_WARN_UNREACHABLE_CODE = YES;
				CLANG_WARN__DUPLICATE_METHOD_MATCH = YES;
				COPY_PHASE_STRIP = NO;
				DEBUG_INFORMATION_FORMAT = dwarf;
				ENABLE_STRICT_OBJC_MSGSEND = YES;
				ENABLE_TESTABILITY = YES;
				GCC_C_LANGUAGE_STANDARD = gnu11;
				GCC_DYNAMIC_NO_PIC = NO;
				GCC_NO_COMMON_BLOCKS = YES;
				GCC_OPTIMIZATION_LEVEL = 0;
				GCC_PREPROCESSOR_DEFINITIONS = (
					"DEBUG=1",
					"$(inherited)",
				);
				GCC_WARN_64_TO_32_BIT_CONVERSION = YES;
				GCC_WARN_ABOUT_RETURN_TYPE = YES_ERROR;
				GCC_WARN_UNDECLARED_SELECTOR = YES;
				GCC_WARN_UNINITIALIZED_AUTOS = YES_AGGRESSIVE;
				GCC_WARN_UNUSED_FUNCTION = YES;
				GCC_WARN_UNUSED_VARIABLE = YES;
				IPHONEOS_DEPLOYMENT_TARGET = 13.2;
				MTL_ENABLE_DEBUG_INFO = INCLUDE_SOURCE;
				MTL_FAST_MATH = YES;
				ONLY_ACTIVE_ARCH = YES;
				SDKROOT = iphoneos;
				SWIFT_ACTIVE_COMPILATION_CONDITIONS = DEBUG;
				SWIFT_OPTIMIZATION_LEVEL = "-Onone";
			};
			name = Debug;
		};
		F89611862427C2240017BB2B /* Release */ = {
			isa = XCBuildConfiguration;
			buildSettings = {
				ALWAYS_SEARCH_USER_PATHS = NO;
				CLANG_ANALYZER_NONNULL = YES;
				CLANG_ANALYZER_NUMBER_OBJECT_CONVERSION = YES_AGGRESSIVE;
				CLANG_CXX_LANGUAGE_STANDARD = "gnu++14";
				CLANG_CXX_LIBRARY = "libc++";
				CLANG_ENABLE_MODULES = YES;
				CLANG_ENABLE_OBJC_ARC = YES;
				CLANG_ENABLE_OBJC_WEAK = YES;
				CLANG_WARN_BLOCK_CAPTURE_AUTORELEASING = YES;
				CLANG_WARN_BOOL_CONVERSION = YES;
				CLANG_WARN_COMMA = YES;
				CLANG_WARN_CONSTANT_CONVERSION = YES;
				CLANG_WARN_DEPRECATED_OBJC_IMPLEMENTATIONS = YES;
				CLANG_WARN_DIRECT_OBJC_ISA_USAGE = YES_ERROR;
				CLANG_WARN_DOCUMENTATION_COMMENTS = YES;
				CLANG_WARN_EMPTY_BODY = YES;
				CLANG_WARN_ENUM_CONVERSION = YES;
				CLANG_WARN_INFINITE_RECURSION = YES;
				CLANG_WARN_INT_CONVERSION = YES;
				CLANG_WARN_NON_LITERAL_NULL_CONVERSION = YES;
				CLANG_WARN_OBJC_IMPLICIT_RETAIN_SELF = YES;
				CLANG_WARN_OBJC_LITERAL_CONVERSION = YES;
				CLANG_WARN_OBJC_ROOT_CLASS = YES_ERROR;
				CLANG_WARN_RANGE_LOOP_ANALYSIS = YES;
				CLANG_WARN_STRICT_PROTOTYPES = YES;
				CLANG_WARN_SUSPICIOUS_MOVE = YES;
				CLANG_WARN_UNGUARDED_AVAILABILITY = YES_AGGRESSIVE;
				CLANG_WARN_UNREACHABLE_CODE = YES;
				CLANG_WARN__DUPLICATE_METHOD_MATCH = YES;
				COPY_PHASE_STRIP = NO;
				DEBUG_INFORMATION_FORMAT = "dwarf-with-dsym";
				ENABLE_NS_ASSERTIONS = NO;
				ENABLE_STRICT_OBJC_MSGSEND = YES;
				GCC_C_LANGUAGE_STANDARD = gnu11;
				GCC_NO_COMMON_BLOCKS = YES;
				GCC_WARN_64_TO_32_BIT_CONVERSION = YES;
				GCC_WARN_ABOUT_RETURN_TYPE = YES_ERROR;
				GCC_WARN_UNDECLARED_SELECTOR = YES;
				GCC_WARN_UNINITIALIZED_AUTOS = YES_AGGRESSIVE;
				GCC_WARN_UNUSED_FUNCTION = YES;
				GCC_WARN_UNUSED_VARIABLE = YES;
				IPHONEOS_DEPLOYMENT_TARGET = 13.2;
				MTL_ENABLE_DEBUG_INFO = NO;
				MTL_FAST_MATH = YES;
				SDKROOT = iphoneos;
				SWIFT_COMPILATION_MODE = wholemodule;
				SWIFT_OPTIMIZATION_LEVEL = "-O";
				VALIDATE_PRODUCT = YES;
			};
			name = Release;
		};
		F89611882427C2240017BB2B /* Debug */ = {
			isa = XCBuildConfiguration;
			buildSettings = {
				ASSETCATALOG_COMPILER_APPICON_NAME = AppIcon;
				CODE_SIGN_ENTITLEMENTS = PictureInPicture/PictureInPicture.entitlements;
				CODE_SIGN_STYLE = Automatic;
				DERIVE_MACCATALYST_PRODUCT_BUNDLE_IDENTIFIER = YES;
				DEVELOPMENT_TEAM = 7YNKRE29SD;
				INFOPLIST_FILE = PictureInPicture/Info.plist;
				LD_RUNPATH_SEARCH_PATHS = (
					"$(inherited)",
					"@executable_path/Frameworks",
				);
				PRODUCT_BUNDLE_IDENTIFIER = com.harshal.com.PictureInPicture;
				PRODUCT_NAME = "$(TARGET_NAME)";
				SUPPORTS_MACCATALYST = YES;
				SWIFT_VERSION = 5.0;
				TARGETED_DEVICE_FAMILY = 2;
			};
			name = Debug;
		};
		F89611892427C2240017BB2B /* Release */ = {
			isa = XCBuildConfiguration;
			buildSettings = {
				ASSETCATALOG_COMPILER_APPICON_NAME = AppIcon;
				CODE_SIGN_ENTITLEMENTS = PictureInPicture/PictureInPicture.entitlements;
				CODE_SIGN_STYLE = Automatic;
				DERIVE_MACCATALYST_PRODUCT_BUNDLE_IDENTIFIER = YES;
				DEVELOPMENT_TEAM = 7YNKRE29SD;
				INFOPLIST_FILE = PictureInPicture/Info.plist;
				LD_RUNPATH_SEARCH_PATHS = (
					"$(inherited)",
					"@executable_path/Frameworks",
				);
				PRODUCT_BUNDLE_IDENTIFIER = com.harshal.com.PictureInPicture;
				PRODUCT_NAME = "$(TARGET_NAME)";
				SUPPORTS_MACCATALYST = YES;
				SWIFT_VERSION = 5.0;
				TARGETED_DEVICE_FAMILY = 2;
			};
			name = Release;
		};
/* End XCBuildConfiguration section */

/* Begin XCConfigurationList section */
		F896116E2427C2210017BB2B /* Build configuration list for PBXProject "PictureInPicture" */ = {
			isa = XCConfigurationList;
			buildConfigurations = (
				F89611852427C2240017BB2B /* Debug */,
				F89611862427C2240017BB2B /* Release */,
			);
			defaultConfigurationIsVisible = 0;
			defaultConfigurationName = Release;
		};
		F89611872427C2240017BB2B /* Build configuration list for PBXNativeTarget "PictureInPicture" */ = {
			isa = XCConfigurationList;
			buildConfigurations = (
				F89611882427C2240017BB2B /* Debug */,
				F89611892427C2240017BB2B /* Release */,
			);
			defaultConfigurationIsVisible = 0;
			defaultConfigurationName = Release;
		};
/* End XCConfigurationList section */
	};
	rootObject = F896116B2427C2210017BB2B /* Project object */;
}
